
Microsoft Visual Studio Solution File, Format Version 12.00
# Visual Studio Version 17
VisualStudioVersion = 17.0.32112.339
MinimumVisualStudioVersion = 10.0.40219.1
Project("{FAE04EC0-301F-11D3-BF4B-00C04F79EFBC}") = "3.2", "SR\3.2.csproj", "{B28007B6-B1B0-49DD-ACD7-ED0F9D630C87}"
EndProject
Project("{FAE04EC0-301F-11D3-BF4B-00C04F79EFBC}") = "2.2", "test\2.2.csproj", "{BBC447AA-9422-4D9E-BDF1-285AC802A0C9}"
EndProject
Project("{FAE04EC0-301F-11D3-BF4B-00C04F79EFBC}") = "ConsoleApp1", "ConsoleApp1\ConsoleApp1.csproj", "{3F9A9CBB-F0F5-4FDB-AEE9-89A48F56578A}"
EndProject
Global
	GlobalSection(SolutionConfigurationPlatforms) = preSolution
		Debug|Any CPU = Debug|Any CPU
		Release|Any CPU = Release|Any CPU
	EndGlobalSection
	GlobalSection(ProjectConfigurationPlatforms) = postSolution
		{B28007B6-B1B0-49DD-ACD7-ED0F9D630C87}.Debug|Any CPU.ActiveCfg = Debug|Any CPU
		{B28007B6-B1B0-49DD-ACD7-ED0F9D630C87}.Debug|Any CPU.Build.0 = Debug|Any CPU
		{B28007B6-B1B0-49DD-ACD7-ED0F9D630C87}.Release|Any CPU.ActiveCfg = Release|Any CPU
		{B28007B6-B1B0-49DD-ACD7-ED0F9D630C87}.Release|Any CPU.Build.0 = Release|Any CPU
		{BBC447AA-9422-4D9E-BDF1-285AC802A0C9}.Debug|Any CPU.ActiveCfg = Debug|Any CPU
		{BBC447AA-9422-4D9E-BDF1-285AC802A0C9}.Debug|Any CPU.Build.0 = Debug|Any CPU
		{BBC447AA-9422-4D9E-BDF1-285AC802A0C9}.Release|Any CPU.ActiveCfg = Release|Any CPU
		{BBC447AA-9422-4D9E-BDF1-285AC802A0C9}.Release|Any CPU.Build.0 = Release|Any CPU
		{3F9A9CBB-F0F5-4FDB-AEE9-89A48F56578A}.Debug|Any CPU.ActiveCfg = Debug|Any CPU
		{3F9A9CBB-F0F5-4FDB-AEE9-89A48F56578A}.Debug|Any CPU.Build.0 = Debug|Any CPU
		{3F9A9CBB-F0F5-4FDB-AEE9-89A48F56578A}.Release|Any CPU.ActiveCfg = Release|Any CPU
		{3F9A9CBB-F0F5-4FDB-AEE9-89A48F56578A}.Release|Any CPU.Build.0 = Release|Any CPU
	EndGlobalSection
	GlobalSection(SolutionProperties) = preSolution
		HideSolutionNode = FALSE
	EndGlobalSection
	GlobalSection(ExtensibilityGlobals) = postSolution
		SolutionGuid = {B67CEAAA-3FD0-4090-97C9-C93C4105D57B}
	EndGlobalSection
EndGlobal
